// !$*UTF8*$!
{
	archiveVersion = 1;
	classes = {
	};
	objectVersion = 46;
	objects = {

/* Begin PBXBuildFile section */
		90F51C301E1E408800438F1A /* DeviceInfor.podspec in Resources */ = {isa = PBXBuildFile; fileRef = 90F51C2F1E1E408800438F1A /* DeviceInfor.podspec */; };
		C550848D1C1565FD00D566D1 /* main.m in Sources */ = {isa = PBXBuildFile; fileRef = C550848C1C1565FD00D566D1 /* main.m */; };
		C55084901C1565FD00D566D1 /* AppDelegate.m in Sources */ = {isa = PBXBuildFile; fileRef = C550848F1C1565FD00D566D1 /* AppDelegate.m */; };
		C55084931C1565FD00D566D1 /* ViewController.m in Sources */ = {isa = PBXBuildFile; fileRef = C55084921C1565FD00D566D1 /* ViewController.m */; };
		C55084961C1565FD00D566D1 /* Main.storyboard in Resources */ = {isa = PBXBuildFile; fileRef = C55084941C1565FD00D566D1 /* Main.storyboard */; };
		C55084981C1565FD00D566D1 /* Assets.xcassets in Resources */ = {isa = PBXBuildFile; fileRef = C55084971C1565FD00D566D1 /* Assets.xcassets */; };
		C550849B1C1565FD00D566D1 /* LaunchScreen.storyboard in Resources */ = {isa = PBXBuildFile; fileRef = C55084991C1565FD00D566D1 /* LaunchScreen.storyboard */; };
		C55084A61C1565FD00D566D1 /* DeviceInforTests.m in Sources */ = {isa = PBXBuildFile; fileRef = C55084A51C1565FD00D566D1 /* DeviceInforTests.m */; };
		C55084B11C1565FE00D566D1 /* DeviceInforUITests.m in Sources */ = {isa = PBXBuildFile; fileRef = C55084B01C1565FE00D566D1 /* DeviceInforUITests.m */; };
		C55084CD1C15664200D566D1 /* DeviceInfo.m in Sources */ = {isa = PBXBuildFile; fileRef = C55084C01C15664200D566D1 /* DeviceInfo.m */; };
		C55084D11C15664200D566D1 /* StringUtility.m in Sources */ = {isa = PBXBuildFile; fileRef = C55084C81C15664200D566D1 /* StringUtility.m */; };
		C55084D21C15664200D566D1 /* TTDAIPAddress.m in Sources */ = {isa = PBXBuildFile; fileRef = C55084CA1C15664200D566D1 /* TTDAIPAddress.m */; };
		C55084E01C1567E900D566D1 /* TTDAReachability.m in Sources */ = {isa = PBXBuildFile; fileRef = C55084DF1C1567E900D566D1 /* TTDAReachability.m */; };
		C55084E41C15685100D566D1 /* TTDABase64.m in Sources */ = {isa = PBXBuildFile; fileRef = C55084E31C15685100D566D1 /* TTDABase64.m */; };
		C55084E81C156C3800D566D1 /* TTDACrackify.m in Sources */ = {isa = PBXBuildFile; fileRef = C55084E71C156C3800D566D1 /* TTDACrackify.m */; };
		C55084EC1C1570CD00D566D1 /* KeychainItemWrapper.m in Sources */ = {isa = PBXBuildFile; fileRef = C55084EB1C1570CD00D566D1 /* KeychainItemWrapper.m */; };
		F278E978E8BBD60DF8B9A564 /* libPods-DeviceInfor.a in Frameworks */ = {isa = PBXBuildFile; fileRef = 507758204DFDD7305CBF2972 /* libPods-DeviceInfor.a */; };
/* End PBXBuildFile section */

/* Begin PBXContainerItemProxy section */
		C55084A21C1565FD00D566D1 /* PBXContainerItemProxy */ = {
			isa = PBXContainerItemProxy;
			containerPortal = C55084801C1565FD00D566D1 /* Project object */;
			proxyType = 1;
			remoteGlobalIDString = C55084871C1565FD00D566D1;
			remoteInfo = DeviceInfor;
		};
		C55084AD1C1565FD00D566D1 /* PBXContainerItemProxy */ = {
			isa = PBXContainerItemProxy;
			containerPortal = C55084801C1565FD00D566D1 /* Project object */;
			proxyType = 1;
			remoteGlobalIDString = C55084871C1565FD00D566D1;
			remoteInfo = DeviceInfor;
		};
/* End PBXContainerItemProxy section */

/* Begin PBXFileReference section */
		507758204DFDD7305CBF2972 /* libPods-DeviceInfor.a */ = {isa = PBXFileReference; explicitFileType = archive.ar; includeInIndex = 0; path = "libPods-DeviceInfor.a"; sourceTree = BUILT_PRODUCTS_DIR; };
		90F51C2F1E1E408800438F1A /* DeviceInfor.podspec */ = {isa = PBXFileReference; fileEncoding = 4; lastKnownFileType = text; path = DeviceInfor.podspec; sourceTree = "<group>"; };
		C55084881C1565FD00D566D1 /* DeviceInfor.app */ = {isa = PBXFileReference; explicitFileType = wrapper.application; includeInIndex = 0; path = DeviceInfor.app; sourceTree = BUILT_PRODUCTS_DIR; };
		C550848C1C1565FD00D566D1 /* main.m */ = {isa = PBXFileReference; lastKnownFileType = sourcecode.c.objc; path = main.m; sourceTree = "<group>"; };
		C550848E1C1565FD00D566D1 /* AppDelegate.h */ = {isa = PBXFileReference; lastKnownFileType = sourcecode.c.h; path = AppDelegate.h; sourceTree = "<group>"; };
		C550848F1C1565FD00D566D1 /* AppDelegate.m */ = {isa = PBXFileReference; lastKnownFileType = sourcecode.c.objc; path = AppDelegate.m; sourceTree = "<group>"; };
		C55084911C1565FD00D566D1 /* ViewController.h */ = {isa = PBXFileReference; lastKnownFileType = sourcecode.c.h; path = ViewController.h; sourceTree = "<group>"; };
		C55084921C1565FD00D566D1 /* ViewController.m */ = {isa = PBXFileReference; lastKnownFileType = sourcecode.c.objc; path = ViewController.m; sourceTree = "<group>"; };
		C55084951C1565FD00D566D1 /* Base */ = {isa = PBXFileReference; lastKnownFileType = file.storyboard; name = Base; path = Base.lproj/Main.storyboard; sourceTree = "<group>"; };
		C55084971C1565FD00D566D1 /* Assets.xcassets */ = {isa = PBXFileReference; lastKnownFileType = folder.assetcatalog; path = Assets.xcassets; sourceTree = "<group>"; };
		C550849A1C1565FD00D566D1 /* Base */ = {isa = PBXFileReference; lastKnownFileType = file.storyboard; name = Base; path = Base.lproj/LaunchScreen.storyboard; sourceTree = "<group>"; };
		C550849C1C1565FD00D566D1 /* Info.plist */ = {isa = PBXFileReference; lastKnownFileType = text.plist.xml; path = Info.plist; sourceTree = "<group>"; };
		C55084A11C1565FD00D566D1 /* DeviceInforTests.xctest */ = {isa = PBXFileReference; explicitFileType = wrapper.cfbundle; includeInIndex = 0; path = DeviceInforTests.xctest; sourceTree = BUILT_PRODUCTS_DIR; };
		C55084A51C1565FD00D566D1 /* DeviceInforTests.m */ = {isa = PBXFileReference; lastKnownFileType = sourcecode.c.objc; path = DeviceInforTests.m; sourceTree = "<group>"; };
		C55084A71C1565FD00D566D1 /* Info.plist */ = {isa = PBXFileReference; lastKnownFileType = text.plist.xml; path = Info.plist; sourceTree = "<group>"; };
		C55084AC1C1565FD00D566D1 /* DeviceInforUITests.xctest */ = {isa = PBXFileReference; explicitFileType = wrapper.cfbundle; includeInIndex = 0; path = DeviceInforUITests.xctest; sourceTree = BUILT_PRODUCTS_DIR; };
		C55084B01C1565FE00D566D1 /* DeviceInforUITests.m */ = {isa = PBXFileReference; lastKnownFileType = sourcecode.c.objc; path = DeviceInforUITests.m; sourceTree = "<group>"; };
		C55084B21C1565FE00D566D1 /* Info.plist */ = {isa = PBXFileReference; lastKnownFileType = text.plist.xml; path = Info.plist; sourceTree = "<group>"; };
		C55084BF1C15664200D566D1 /* DeviceInfo.h */ = {isa = PBXFileReference; fileEncoding = 4; lastKnownFileType = sourcecode.c.h; path = DeviceInfo.h; sourceTree = "<group>"; };
		C55084C01C15664200D566D1 /* DeviceInfo.m */ = {isa = PBXFileReference; fileEncoding = 4; lastKnownFileType = sourcecode.c.objc; path = DeviceInfo.m; sourceTree = "<group>"; };
		C55084C71C15664200D566D1 /* StringUtility.h */ = {isa = PBXFileReference; fileEncoding = 4; lastKnownFileType = sourcecode.c.h; path = StringUtility.h; sourceTree = "<group>"; };
		C55084C81C15664200D566D1 /* StringUtility.m */ = {isa = PBXFileReference; fileEncoding = 4; lastKnownFileType = sourcecode.c.objc; path = StringUtility.m; sourceTree = "<group>"; };
		C55084C91C15664200D566D1 /* TTDAIPAddress.h */ = {isa = PBXFileReference; fileEncoding = 4; lastKnownFileType = sourcecode.c.h; path = TTDAIPAddress.h; sourceTree = "<group>"; };
		C55084CA1C15664200D566D1 /* TTDAIPAddress.m */ = {isa = PBXFileReference; fileEncoding = 4; lastKnownFileType = sourcecode.c.objc; path = TTDAIPAddress.m; sourceTree = "<group>"; };
		C55084DE1C1567E900D566D1 /* TTDAReachability.h */ = {isa = PBXFileReference; fileEncoding = 4; lastKnownFileType = sourcecode.c.h; path = TTDAReachability.h; sourceTree = "<group>"; };
		C55084DF1C1567E900D566D1 /* TTDAReachability.m */ = {isa = PBXFileReference; fileEncoding = 4; lastKnownFileType = sourcecode.c.objc; path = TTDAReachability.m; sourceTree = "<group>"; };
		C55084E21C15685100D566D1 /* TTDABase64.h */ = {isa = PBXFileReference; fileEncoding = 4; lastKnownFileType = sourcecode.c.h; path = TTDABase64.h; sourceTree = "<group>"; };
		C55084E31C15685100D566D1 /* TTDABase64.m */ = {isa = PBXFileReference; fileEncoding = 4; lastKnownFileType = sourcecode.c.objc; path = TTDABase64.m; sourceTree = "<group>"; };
		C55084E61C156C3800D566D1 /* TTDACrackify.h */ = {isa = PBXFileReference; fileEncoding = 4; lastKnownFileType = sourcecode.c.h; path = TTDACrackify.h; sourceTree = "<group>"; };
		C55084E71C156C3800D566D1 /* TTDACrackify.m */ = {isa = PBXFileReference; fileEncoding = 4; lastKnownFileType = sourcecode.c.objc; path = TTDACrackify.m; sourceTree = "<group>"; };
		C55084EA1C1570CD00D566D1 /* KeychainItemWrapper.h */ = {isa = PBXFileReference; fileEncoding = 4; lastKnownFileType = sourcecode.c.h; path = KeychainItemWrapper.h; sourceTree = "<group>"; };
		C55084EB1C1570CD00D566D1 /* KeychainItemWrapper.m */ = {isa = PBXFileReference; fileEncoding = 4; lastKnownFileType = sourcecode.c.objc; path = KeychainItemWrapper.m; sourceTree = "<group>"; };
		D917F1C997495F5024734E96 /* Pods-DeviceInfor.release.xcconfig */ = {isa = PBXFileReference; includeInIndex = 1; lastKnownFileType = text.xcconfig; name = "Pods-DeviceInfor.release.xcconfig"; path = "Pods/Target Support Files/Pods-DeviceInfor/Pods-DeviceInfor.release.xcconfig"; sourceTree = "<group>"; };
		FC9DFE239F23BD221013E894 /* Pods-DeviceInfor.debug.xcconfig */ = {isa = PBXFileReference; includeInIndex = 1; lastKnownFileType = text.xcconfig; name = "Pods-DeviceInfor.debug.xcconfig"; path = "Pods/Target Support Files/Pods-DeviceInfor/Pods-DeviceInfor.debug.xcconfig"; sourceTree = "<group>"; };
/* End PBXFileReference section */

/* Begin PBXFrameworksBuildPhase section */
		C55084851C1565FD00D566D1 /* Frameworks */ = {
			isa = PBXFrameworksBuildPhase;
			buildActionMask = 2147483647;
			files = (
				F278E978E8BBD60DF8B9A564 /* libPods-DeviceInfor.a in Frameworks */,
			);
			runOnlyForDeploymentPostprocessing = 0;
		};
		C550849E1C1565FD00D566D1 /* Frameworks */ = {
			isa = PBXFrameworksBuildPhase;
			buildActionMask = 2147483647;
			files = (
			);
			runOnlyForDeploymentPostprocessing = 0;
		};
		C55084A91C1565FD00D566D1 /* Frameworks */ = {
			isa = PBXFrameworksBuildPhase;
			buildActionMask = 2147483647;
			files = (
			);
			runOnlyForDeploymentPostprocessing = 0;
		};
/* End PBXFrameworksBuildPhase section */

/* Begin PBXGroup section */
		34DA3877E9403AD2F32CB8A4 /* Pods */ = {
			isa = PBXGroup;
			children = (
				FC9DFE239F23BD221013E894 /* Pods-DeviceInfor.debug.xcconfig */,
				D917F1C997495F5024734E96 /* Pods-DeviceInfor.release.xcconfig */,
			);
			name = Pods;
			sourceTree = "<group>";
		};
		410DA5116D7B1AFAA1A8AA59 /* Frameworks */ = {
			isa = PBXGroup;
			children = (
				507758204DFDD7305CBF2972 /* libPods-DeviceInfor.a */,
			);
			name = Frameworks;
			sourceTree = "<group>";
		};
		C550847F1C1565FD00D566D1 = {
			isa = PBXGroup;
			children = (
				C550848A1C1565FD00D566D1 /* DeviceInfor */,
				C55084A41C1565FD00D566D1 /* DeviceInforTests */,
				C55084AF1C1565FE00D566D1 /* DeviceInforUITests */,
				C55084891C1565FD00D566D1 /* Products */,
				34DA3877E9403AD2F32CB8A4 /* Pods */,
				410DA5116D7B1AFAA1A8AA59 /* Frameworks */,
			);
			sourceTree = "<group>";
		};
		C55084891C1565FD00D566D1 /* Products */ = {
			isa = PBXGroup;
			children = (
				C55084881C1565FD00D566D1 /* DeviceInfor.app */,
				C55084A11C1565FD00D566D1 /* DeviceInforTests.xctest */,
				C55084AC1C1565FD00D566D1 /* DeviceInforUITests.xctest */,
			);
			name = Products;
			sourceTree = "<group>";
		};
		C550848A1C1565FD00D566D1 /* DeviceInfor */ = {
			isa = PBXGroup;
			children = (
				C55084E91C1570CD00D566D1 /* KeychainItemWrapper */,
				C55084E51C156C3800D566D1 /* Crackify */,
				C55084E11C15685100D566D1 /* Base64 */,
				C55084DD1C1567E900D566D1 /* Reachability */,
				C55084BE1C15664200D566D1 /* Utility */,
				C550848E1C1565FD00D566D1 /* AppDelegate.h */,
				C550848F1C1565FD00D566D1 /* AppDelegate.m */,
				C55084911C1565FD00D566D1 /* ViewController.h */,
				C55084921C1565FD00D566D1 /* ViewController.m */,
				C55084941C1565FD00D566D1 /* Main.storyboard */,
				C55084971C1565FD00D566D1 /* Assets.xcassets */,
				C55084991C1565FD00D566D1 /* LaunchScreen.storyboard */,
				C550849C1C1565FD00D566D1 /* Info.plist */,
				90F51C2F1E1E408800438F1A /* DeviceInfor.podspec */,
				C550848B1C1565FD00D566D1 /* Supporting Files */,
			);
			path = DeviceInfor;
			sourceTree = "<group>";
		};
		C550848B1C1565FD00D566D1 /* Supporting Files */ = {
			isa = PBXGroup;
			children = (
				C550848C1C1565FD00D566D1 /* main.m */,
			);
			name = "Supporting Files";
			sourceTree = "<group>";
		};
		C55084A41C1565FD00D566D1 /* DeviceInforTests */ = {
			isa = PBXGroup;
			children = (
				C55084A51C1565FD00D566D1 /* DeviceInforTests.m */,
				C55084A71C1565FD00D566D1 /* Info.plist */,
			);
			path = DeviceInforTests;
			sourceTree = "<group>";
		};
		C55084AF1C1565FE00D566D1 /* DeviceInforUITests */ = {
			isa = PBXGroup;
			children = (
				C55084B01C1565FE00D566D1 /* DeviceInforUITests.m */,
				C55084B21C1565FE00D566D1 /* Info.plist */,
			);
			path = DeviceInforUITests;
			sourceTree = "<group>";
		};
		C55084BE1C15664200D566D1 /* Utility */ = {
			isa = PBXGroup;
			children = (
				C55084BF1C15664200D566D1 /* DeviceInfo.h */,
				C55084C01C15664200D566D1 /* DeviceInfo.m */,
				C55084C71C15664200D566D1 /* StringUtility.h */,
				C55084C81C15664200D566D1 /* StringUtility.m */,
				C55084C91C15664200D566D1 /* TTDAIPAddress.h */,
				C55084CA1C15664200D566D1 /* TTDAIPAddress.m */,
			);
			path = Utility;
			sourceTree = "<group>";
		};
		C55084DD1C1567E900D566D1 /* Reachability */ = {
			isa = PBXGroup;
			children = (
				C55084DE1C1567E900D566D1 /* TTDAReachability.h */,
				C55084DF1C1567E900D566D1 /* TTDAReachability.m */,
			);
			path = Reachability;
			sourceTree = "<group>";
		};
		C55084E11C15685100D566D1 /* Base64 */ = {
			isa = PBXGroup;
			children = (
				C55084E21C15685100D566D1 /* TTDABase64.h */,
				C55084E31C15685100D566D1 /* TTDABase64.m */,
			);
			path = Base64;
			sourceTree = "<group>";
		};
		C55084E51C156C3800D566D1 /* Crackify */ = {
			isa = PBXGroup;
			children = (
				C55084E61C156C3800D566D1 /* TTDACrackify.h */,
				C55084E71C156C3800D566D1 /* TTDACrackify.m */,
			);
			path = Crackify;
			sourceTree = "<group>";
		};
		C55084E91C1570CD00D566D1 /* KeychainItemWrapper */ = {
			isa = PBXGroup;
			children = (
				C55084EA1C1570CD00D566D1 /* KeychainItemWrapper.h */,
				C55084EB1C1570CD00D566D1 /* KeychainItemWrapper.m */,
			);
			path = KeychainItemWrapper;
			sourceTree = "<group>";
		};
/* End PBXGroup section */

/* Begin PBXNativeTarget section */
		C55084871C1565FD00D566D1 /* DeviceInfor */ = {
			isa = PBXNativeTarget;
			buildConfigurationList = C55084B51C1565FE00D566D1 /* Build configuration list for PBXNativeTarget "DeviceInfor" */;
			buildPhases = (
				B205E4B9D50FF73567E6EF9E /* [CP] Check Pods Manifest.lock */,
				C55084841C1565FD00D566D1 /* Sources */,
				C55084851C1565FD00D566D1 /* Frameworks */,
				C55084861C1565FD00D566D1 /* Resources */,
				93FDF809C1B9D486E7E8620D /* [CP] Embed Pods Frameworks */,
				4B8C5F8DA807C3C8E78BCAC4 /* [CP] Copy Pods Resources */,
			);
			buildRules = (
			);
			dependencies = (
			);
			name = DeviceInfor;
			productName = DeviceInfor;
			productReference = C55084881C1565FD00D566D1 /* DeviceInfor.app */;
			productType = "com.apple.product-type.application";
		};
		C55084A01C1565FD00D566D1 /* DeviceInforTests */ = {
			isa = PBXNativeTarget;
			buildConfigurationList = C55084B81C1565FE00D566D1 /* Build configuration list for PBXNativeTarget "DeviceInforTests" */;
			buildPhases = (
				C550849D1C1565FD00D566D1 /* Sources */,
				C550849E1C1565FD00D566D1 /* Frameworks */,
				C550849F1C1565FD00D566D1 /* Resources */,
			);
			buildRules = (
			);
			dependencies = (
				C55084A31C1565FD00D566D1 /* PBXTargetDependency */,
			);
			name = DeviceInforTests;
			productName = DeviceInforTests;
			productReference = C55084A11C1565FD00D566D1 /* DeviceInforTests.xctest */;
			productType = "com.apple.product-type.bundle.unit-test";
		};
		C55084AB1C1565FD00D566D1 /* DeviceInforUITests */ = {
			isa = PBXNativeTarget;
			buildConfigurationList = C55084BB1C1565FE00D566D1 /* Build configuration list for PBXNativeTarget "DeviceInforUITests" */;
			buildPhases = (
				C55084A81C1565FD00D566D1 /* Sources */,
				C55084A91C1565FD00D566D1 /* Frameworks */,
				C55084AA1C1565FD00D566D1 /* Resources */,
			);
			buildRules = (
			);
			dependencies = (
				C55084AE1C1565FD00D566D1 /* PBXTargetDependency */,
			);
			name = DeviceInforUITests;
			productName = DeviceInforUITests;
			productReference = C55084AC1C1565FD00D566D1 /* DeviceInforUITests.xctest */;
			productType = "com.apple.product-type.bundle.ui-testing";
		};
/* End PBXNativeTarget section */

/* Begin PBXProject section */
		C55084801C1565FD00D566D1 /* Project object */ = {
			isa = PBXProject;
			attributes = {
				LastUpgradeCheck = 0710;
				ORGANIZATIONNAME = hongw;
				TargetAttributes = {
					C55084871C1565FD00D566D1 = {
						CreatedOnToolsVersion = 7.1;
					};
					C55084A01C1565FD00D566D1 = {
						CreatedOnToolsVersion = 7.1;
						TestTargetID = C55084871C1565FD00D566D1;
					};
					C55084AB1C1565FD00D566D1 = {
						CreatedOnToolsVersion = 7.1;
						TestTargetID = C55084871C1565FD00D566D1;
					};
				};
			};
			buildConfigurationList = C55084831C1565FD00D566D1 /* Build configuration list for PBXProject "DeviceInfor" */;
			compatibilityVersion = "Xcode 3.2";
			developmentRegion = English;
			hasScannedForEncodings = 0;
			knownRegions = (
				en,
				Base,
			);
			mainGroup = C550847F1C1565FD00D566D1;
			productRefGroup = C55084891C1565FD00D566D1 /* Products */;
			projectDirPath = "";
			projectRoot = "";
			targets = (
				C55084871C1565FD00D566D1 /* DeviceInfor */,
				C55084A01C1565FD00D566D1 /* DeviceInforTests */,
				C55084AB1C1565FD00D566D1 /* DeviceInforUITests */,
			);
		};
/* End PBXProject section */

/* Begin PBXResourcesBuildPhase section */
		C55084861C1565FD00D566D1 /* Resources */ = {
			isa = PBXResourcesBuildPhase;
			buildActionMask = 2147483647;
			files = (
				C550849B1C1565FD00D566D1 /* LaunchScreen.storyboard in Resources */,
				90F51C301E1E408800438F1A /* DeviceInfor.podspec in Resources */,
				C55084981C1565FD00D566D1 /* Assets.xcassets in Resources */,
				C55084961C1565FD00D566D1 /* Main.storyboard in Resources */,
			);
			runOnlyForDeploymentPostprocessing = 0;
		};
		C550849F1C1565FD00D566D1 /* Resources */ = {
			isa = PBXResourcesBuildPhase;
			buildActionMask = 2147483647;
			files = (
			);
			runOnlyForDeploymentPostprocessing = 0;
		};
		C55084AA1C1565FD00D566D1 /* Resources */ = {
			isa = PBXResourcesBuildPhase;
			buildActionMask = 2147483647;
			files = (
			);
			runOnlyForDeploymentPostprocessing = 0;
		};
/* End PBXResourcesBuildPhase section */

/* Begin PBXShellScriptBuildPhase section */
		4B8C5F8DA807C3C8E78BCAC4 /* [CP] Copy Pods Resources */ = {
			isa = PBXShellScriptBuildPhase;
			buildActionMask = 2147483647;
			files = (
			);
			inputPaths = (
			);
			name = "[CP] Copy Pods Resources";
			outputPaths = (
			);
			runOnlyForDeploymentPostprocessing = 0;
			shellPath = /bin/sh;
			shellScript = "\"${SRCROOT}/Pods/Target Support Files/Pods-DeviceInfor/Pods-DeviceInfor-resources.sh\"\n";
			showEnvVarsInLog = 0;
		};
		93FDF809C1B9D486E7E8620D /* [CP] Embed Pods Frameworks */ = {
			isa = PBXShellScriptBuildPhase;
			buildActionMask = 2147483647;
			files = (
			);
			inputPaths = (
			);
			name = "[CP] Embed Pods Frameworks";
			outputPaths = (
			);
			runOnlyForDeploymentPostprocessing = 0;
			shellPath = /bin/sh;
			shellScript = "\"${SRCROOT}/Pods/Target Support Files/Pods-DeviceInfor/Pods-DeviceInfor-frameworks.sh\"\n";
			showEnvVarsInLog = 0;
		};
		B205E4B9D50FF73567E6EF9E /* [CP] Check Pods Manifest.lock */ = {
			isa = PBXShellScriptBuildPhase;
			buildActionMask = 2147483647;
			files = (
			);
			inputPaths = (
			);
			name = "[CP] Check Pods Manifest.lock";
			outputPaths = (
			);
			runOnlyForDeploymentPostprocessing = 0;
			shellPath = /bin/sh;
			shellScript = "diff \"${PODS_ROOT}/../Podfile.lock\" \"${PODS_ROOT}/Manifest.lock\" > /dev/null\nif [ $? != 0 ] ; then\n    # print error to STDERR\n    echo \"error: The sandbox is not in sync with the Podfile.lock. Run 'pod install' or update your CocoaPods installation.\" >&2\n    exit 1\nfi\n";
			showEnvVarsInLog = 0;
		};
/* End PBXShellScriptBuildPhase section */

/* Begin PBXSourcesBuildPhase section */
		C55084841C1565FD00D566D1 /* Sources */ = {
			isa = PBXSourcesBuildPhase;
			buildActionMask = 2147483647;
			files = (
				C55084D21C15664200D566D1 /* TTDAIPAddress.m in Sources */,
				C55084E41C15685100D566D1 /* TTDABase64.m in Sources */,
				C55084931C1565FD00D566D1 /* ViewController.m in Sources */,
				C55084901C1565FD00D566D1 /* AppDelegate.m in Sources */,
				C550848D1C1565FD00D566D1 /* main.m in Sources */,
				C55084D11C15664200D566D1 /* StringUtility.m in Sources */,
				C55084E01C1567E900D566D1 /* TTDAReachability.m in Sources */,
				C55084CD1C15664200D566D1 /* DeviceInfo.m in Sources */,
				C55084EC1C1570CD00D566D1 /* KeychainItemWrapper.m in Sources */,
				C55084E81C156C3800D566D1 /* TTDACrackify.m in Sources */,
			);
			runOnlyForDeploymentPostprocessing = 0;
		};
		C550849D1C1565FD00D566D1 /* Sources */ = {
			isa = PBXSourcesBuildPhase;
			buildActionMask = 2147483647;
			files = (
				C55084A61C1565FD00D566D1 /* DeviceInforTests.m in Sources */,
			);
			runOnlyForDeploymentPostprocessing = 0;
		};
		C55084A81C1565FD00D566D1 /* Sources */ = {
			isa = PBXSourcesBuildPhase;
			buildActionMask = 2147483647;
			files = (
				C55084B11C1565FE00D566D1 /* DeviceInforUITests.m in Sources */,
			);
			runOnlyForDeploymentPostprocessing = 0;
		};
/* End PBXSourcesBuildPhase section */

/* Begin PBXTargetDependency section */
		C55084A31C1565FD00D566D1 /* PBXTargetDependency */ = {
			isa = PBXTargetDependency;
			target = C55084871C1565FD00D566D1 /* DeviceInfor */;
			targetProxy = C55084A21C1565FD00D566D1 /* PBXContainerItemProxy */;
		};
		C55084AE1C1565FD00D566D1 /* PBXTargetDependency */ = {
			isa = PBXTargetDependency;
			target = C55084871C1565FD00D566D1 /* DeviceInfor */;
			targetProxy = C55084AD1C1565FD00D566D1 /* PBXContainerItemProxy */;
		};
/* End PBXTargetDependency section */

/* Begin PBXVariantGroup section */
		C55084941C1565FD00D566D1 /* Main.storyboard */ = {
			isa = PBXVariantGroup;
			children = (
				C55084951C1565FD00D566D1 /* Base */,
			);
			name = Main.storyboard;
			sourceTree = "<group>";
		};
		C55084991C1565FD00D566D1 /* LaunchScreen.storyboard */ = {
			isa = PBXVariantGroup;
			children = (
				C550849A1C1565FD00D566D1 /* Base */,
			);
			name = LaunchScreen.storyboard;
			sourceTree = "<group>";
		};
/* End PBXVariantGroup section */

/* Begin XCBuildConfiguration section */
		C55084B31C1565FE00D566D1 /* Debug */ = {
			isa = XCBuildConfiguration;
			buildSettings = {
				ALWAYS_SEARCH_USER_PATHS = NO;
				CLANG_CXX_LANGUAGE_STANDARD = "gnu++0x";
				CLANG_CXX_LIBRARY = "libc++";
				CLANG_ENABLE_MODULES = YES;
				CLANG_ENABLE_OBJC_ARC = YES;
				CLANG_WARN_BOOL_CONVERSION = YES;
				CLANG_WARN_CONSTANT_CONVERSION = YES;
				CLANG_WARN_DIRECT_OBJC_ISA_USAGE = YES_ERROR;
				CLANG_WARN_EMPTY_BODY = YES;
				CLANG_WARN_ENUM_CONVERSION = YES;
				CLANG_WARN_INT_CONVERSION = YES;
				CLANG_WARN_OBJC_ROOT_CLASS = YES_ERROR;
				CLANG_WARN_UNREACHABLE_CODE = YES;
				CLANG_WARN__DUPLICATE_METHOD_MATCH = YES;
				"CODE_SIGN_IDENTITY[sdk=iphoneos*]" = "iPhone Developer";
				COPY_PHASE_STRIP = NO;
				DEBUG_INFORMATION_FORMAT = dwarf;
				ENABLE_STRICT_OBJC_MSGSEND = YES;
				ENABLE_TESTABILITY = YES;
				GCC_C_LANGUAGE_STANDARD = gnu99;
				GCC_DYNAMIC_NO_PIC = NO;
				GCC_NO_COMMON_BLOCKS = YES;
				GCC_OPTIMIZATION_LEVEL = 0;
				GCC_PREPROCESSOR_DEFINITIONS = (
					"DEBUG=1",
					"$(inherited)",
				);
				GCC_WARN_64_TO_32_BIT_CONVERSION = YES;
				GCC_WARN_ABOUT_RETURN_TYPE = YES_ERROR;
				GCC_WARN_UNDECLARED_SELECTOR = YES;
				GCC_WARN_UNINITIALIZED_AUTOS = YES_AGGRESSIVE;
				GCC_WARN_UNUSED_FUNCTION = YES;
				GCC_WARN_UNUSED_VARIABLE = YES;
				IPHONEOS_DEPLOYMENT_TARGET = 9.1;
				MTL_ENABLE_DEBUG_INFO = YES;
				ONLY_ACTIVE_ARCH = YES;
				SDKROOT = iphoneos;
			};
			name = Debug;
		};
		C55084B41C1565FE00D566D1 /* Release */ = {
			isa = XCBuildConfiguration;
			buildSettings = {
				ALWAYS_SEARCH_USER_PATHS = NO;
				CLANG_CXX_LANGUAGE_STANDARD = "gnu++0x";
				CLANG_CXX_LIBRARY = "libc++";
				CLANG_ENABLE_MODULES = YES;
				CLANG_ENABLE_OBJC_ARC = YES;
				CLANG_WARN_BOOL_CONVERSION = YES;
				CLANG_WARN_CONSTANT_CONVERSION = YES;
				CLANG_WARN_DIRECT_OBJC_ISA_USAGE = YES_ERROR;
				CLANG_WARN_EMPTY_BODY = YES;
				CLANG_WARN_ENUM_CONVERSION = YES;
				CLANG_WARN_INT_CONVERSION = YES;
				CLANG_WARN_OBJC_ROOT_CLASS = YES_ERROR;
				CLANG_WARN_UNREACHABLE_CODE = YES;
				CLANG_WARN__DUPLICATE_METHOD_MATCH = YES;
				"CODE_SIGN_IDENTITY[sdk=iphoneos*]" = "iPhone Developer";
				COPY_PHASE_STRIP = NO;
				DEBUG_INFORMATION_FORMAT = "dwarf-with-dsym";
				ENABLE_NS_ASSERTIONS = NO;
				ENABLE_STRICT_OBJC_MSGSEND = YES;
				GCC_C_LANGUAGE_STANDARD = gnu99;
				GCC_NO_COMMON_BLOCKS = YES;
				GCC_WARN_64_TO_32_BIT_CONVERSION = YES;
				GCC_WARN_ABOUT_RETURN_TYPE = YES_ERROR;
				GCC_WARN_UNDECLARED_SELECTOR = YES;
				GCC_WARN_UNINITIALIZED_AUTOS = YES_AGGRESSIVE;
				GCC_WARN_UNUSED_FUNCTION = YES;
				GCC_WARN_UNUSED_VARIABLE = YES;
				IPHONEOS_DEPLOYMENT_TARGET = 9.1;
				MTL_ENABLE_DEBUG_INFO = NO;
				SDKROOT = iphoneos;
				VALIDATE_PRODUCT = YES;
			};
			name = Release;
		};
		C55084B61C1565FE00D566D1 /* Debug */ = {
			isa = XCBuildConfiguration;
			baseConfigurationReference = FC9DFE239F23BD221013E894 /* Pods-DeviceInfor.debug.xcconfig */;
			buildSettings = {
				ASSETCATALOG_COMPILER_APPICON_NAME = AppIcon;
				CODE_SIGN_IDENTITY = "iPhone Developer: bin han (98RG5YK264)";
				INFOPLIST_FILE = DeviceInfor/Info.plist;
				LD_RUNPATH_SEARCH_PATHS = "$(inherited) @executable_path/Frameworks";
				PRODUCT_BUNDLE_IDENTIFIER = com.kingnet.infor;
				PRODUCT_NAME = "$(TARGET_NAME)";
				PROVISIONING_PROFILE = "3691ce9c-c42c-46b3-b8d6-3997df2769fe";
			};
			name = Debug;
		};
		C55084B71C1565FE00D566D1 /* Release */ = {
			isa = XCBuildConfiguration;
			baseConfigurationReference = D917F1C997495F5024734E96 /* Pods-DeviceInfor.release.xcconfig */;
			buildSettings = {
				ASSETCATALOG_COMPILER_APPICON_NAME = AppIcon;
				CODE_SIGN_IDENTITY = "iPhone Developer: bin han (98RG5YK264)";
				INFOPLIST_FILE = DeviceInfor/Info.plist;
				LD_RUNPATH_SEARCH_PATHS = "$(inherited) @executable_path/Frameworks";
				PRODUCT_BUNDLE_IDENTIFIER = com.kingnet.infor;
				PRODUCT_NAME = "$(TARGET_NAME)";
				PROVISIONING_PROFILE = "3691ce9c-c42c-46b3-b8d6-3997df2769fe";
			};
			name = Release;
		};
		C55084B91C1565FE00D566D1 /* Debug */ = {
			isa = XCBuildConfiguration;
			buildSettings = {
				BUNDLE_LOADER = "$(TEST_HOST)";
				INFOPLIST_FILE = DeviceInforTests/Info.plist;
				LD_RUNPATH_SEARCH_PATHS = "$(inherited) @executable_path/Frameworks @loader_path/Frameworks";
				PRODUCT_BUNDLE_IDENTIFIER = KingNet.DeviceInforTests;
				PRODUCT_NAME = "$(TARGET_NAME)";
				TEST_HOST = "$(BUILT_PRODUCTS_DIR)/DeviceInfor.app/DeviceInfor";
			};
			name = Debug;
		};
		C55084BA1C1565FE00D566D1 /* Release */ = {
			isa = XCBuildConfiguration;
			buildSettings = {
				BUNDLE_LOADER = "$(TEST_HOST)";
				INFOPLIST_FILE = DeviceInforTests/Info.plist;
				LD_RUNPATH_SEARCH_PATHS = "$(inherited) @executable_path/Frameworks @loader_path/Frameworks";
				PRODUCT_BUNDLE_IDENTIFIER = KingNet.DeviceInforTests;
				PRODUCT_NAME = "$(TARGET_NAME)";
				TEST_HOST = "$(BUILT_PRODUCTS_DIR)/DeviceInfor.app/DeviceInfor";
			};
			name = Release;
		};
		C55084BC1C1565FE00D566D1 /* Debug */ = {
			isa = XCBuildConfiguration;
			buildSettings = {
				INFOPLIST_FILE = DeviceInforUITests/Info.plist;
				LD_RUNPATH_SEARCH_PATHS = "$(inherited) @executable_path/Frameworks @loader_path/Frameworks";
				PRODUCT_BUNDLE_IDENTIFIER = KingNet.DeviceInforUITests;
				PRODUCT_NAME = "$(TARGET_NAME)";
				TEST_TARGET_NAME = DeviceInfor;
				USES_XCTRUNNER = YES;
			};
			name = Debug;
		};
		C55084BD1C1565FE00D566D1 /* Release */ = {
			isa = XCBuildConfiguration;
			buildSettings = {
				INFOPLIST_FILE = DeviceInforUITests/Info.plist;
				LD_RUNPATH_SEARCH_PATHS = "$(inherited) @executable_path/Frameworks @loader_path/Frameworks";
				PRODUCT_BUNDLE_IDENTIFIER = KingNet.DeviceInforUITests;
				PRODUCT_NAME = "$(TARGET_NAME)";
				TEST_TARGET_NAME = DeviceInfor;
				USES_XCTRUNNER = YES;
			};
			name = Release;
		};
/* End XCBuildConfiguration section */

/* Begin XCConfigurationList section */
		C55084831C1565FD00D566D1 /* Build configuration list for PBXProject "DeviceInfor" */ = {
			isa = XCConfigurationList;
			buildConfigurations = (
				C55084B31C1565FE00D566D1 /* Debug */,
				C55084B41C1565FE00D566D1 /* Release */,
			);
			defaultConfigurationIsVisible = 0;
			defaultConfigurationName = Release;
		};
		C55084B51C1565FE00D566D1 /* Build configuration list for PBXNativeTarget "DeviceInfor" */ = {
			isa = XCConfigurationList;
			buildConfigurations = (
				C55084B61C1565FE00D566D1 /* Debug */,
				C55084B71C1565FE00D566D1 /* Release */,
			);
			defaultConfigurationIsVisible = 0;
			defaultConfigurationName = Release;
		};
		C55084B81C1565FE00D566D1 /* Build configuration list for PBXNativeTarget "DeviceInforTests" */ = {
			isa = XCConfigurationList;
			buildConfigurations = (
				C55084B91C1565FE00D566D1 /* Debug */,
				C55084BA1C1565FE00D566D1 /* Release */,
			);
			defaultConfigurationIsVisible = 0;
			defaultConfigurationName = Release;
		};
		C55084BB1C1565FE00D566D1 /* Build configuration list for PBXNativeTarget "DeviceInforUITests" */ = {
			isa = XCConfigurationList;
			buildConfigurations = (
				C55084BC1C1565FE00D566D1 /* Debug */,
				C55084BD1C1565FE00D566D1 /* Release */,
			);
			defaultConfigurationIsVisible = 0;
			defaultConfigurationName = Release;
		};
/* End XCConfigurationList section */
	};
	rootObject = C55084801C1565FD00D566D1 /* Project object */;
}
